
Microsoft Visual Studio Solution File, Format Version 12.00
# Visual Studio Version 16
VisualStudioVersion = 16.0.31702.278
MinimumVisualStudioVersion = 10.0.40219.1
Project("{FAE04EC0-301F-11D3-BF4B-00C04F79EFBC}") = "hesapmakinesi", "hesapmakinesi\hesapmakinesi.csproj", "{05A48528-8AAB-4DDD-A7A3-17420D5F6E6B}"
EndProject
Global
	GlobalSection(SolutionConfigurationPlatforms) = preSolution
		Debug|Any CPU = Debug|Any CPU
		Release|Any CPU = Release|Any CPU
	EndGlobalSection
	GlobalSection(ProjectConfigurationPlatforms) = postSolution
		{05A48528-8AAB-4DDD-A7A3-17420D5F6E6B}.Debug|Any CPU.ActiveCfg = Debug|Any CPU
		{05A48528-8AAB-4DDD-A7A3-17420D5F6E6B}.Debug|Any CPU.Build.0 = Debug|Any CPU
		{05A48528-8AAB-4DDD-A7A3-17420D5F6E6B}.Release|Any CPU.ActiveCfg = Release|Any CPU
		{05A48528-8AAB-4DDD-A7A3-17420D5F6E6B}.Release|Any CPU.Build.0 = Release|Any CPU
	EndGlobalSection
	GlobalSection(SolutionProperties) = preSolution
		HideSolutionNode = FALSE
	EndGlobalSection
	GlobalSection(ExtensibilityGlobals) = postSolution
		SolutionGuid = {E18A6C99-AEA4-4802-A9E9-05034793C681}
	EndGlobalSection
EndGlobal
